
Microsoft Visual Studio Solution File, Format Version 12.00
# Visual Studio Version 17
VisualStudioVersion = 17.10.35004.147
MinimumVisualStudioVersion = 10.0.40219.1
Project("{FAE04EC0-301F-11D3-BF4B-00C04F79EFBC}") = "Conditional-structure [If-Else]", "Conditional-structure [If-Else]\Conditional-structure [If-Else].csproj", "{2EFA7110-A473-483E-86B1-EF036E3CC037}"
EndProject
Project("{FAE04EC0-301F-11D3-BF4B-00C04F79EFBC}") = "ConditionalS2", "ConditionalS2\ConditionalS2.csproj", "{0E4B7A2B-14AC-47A2-8AD7-167180061ED9}"
EndProject
Global
	GlobalSection(SolutionConfigurationPlatforms) = preSolution
		Debug|Any CPU = Debug|Any CPU
		Release|Any CPU = Release|Any CPU
	EndGlobalSection
	GlobalSection(ProjectConfigurationPlatforms) = postSolution
		{2EFA7110-A473-483E-86B1-EF036E3CC037}.Debug|Any CPU.ActiveCfg = Debug|Any CPU
		{2EFA7110-A473-483E-86B1-EF036E3CC037}.Debug|Any CPU.Build.0 = Debug|Any CPU
		{2EFA7110-A473-483E-86B1-EF036E3CC037}.Release|Any CPU.ActiveCfg = Release|Any CPU
		{2EFA7110-A473-483E-86B1-EF036E3CC037}.Release|Any CPU.Build.0 = Release|Any CPU
		{0E4B7A2B-14AC-47A2-8AD7-167180061ED9}.Debug|Any CPU.ActiveCfg = Debug|Any CPU
		{0E4B7A2B-14AC-47A2-8AD7-167180061ED9}.Debug|Any CPU.Build.0 = Debug|Any CPU
		{0E4B7A2B-14AC-47A2-8AD7-167180061ED9}.Release|Any CPU.ActiveCfg = Release|Any CPU
		{0E4B7A2B-14AC-47A2-8AD7-167180061ED9}.Release|Any CPU.Build.0 = Release|Any CPU
	EndGlobalSection
	GlobalSection(SolutionProperties) = preSolution
		HideSolutionNode = FALSE
	EndGlobalSection
	GlobalSection(ExtensibilityGlobals) = postSolution
		SolutionGuid = {48E6F98D-327E-43C7-B232-D0F0C5B86FAE}
	EndGlobalSection
EndGlobal
