
Microsoft Visual Studio Solution File, Format Version 12.00
# Visual Studio Version 17
VisualStudioVersion = 17.9.34723.18
MinimumVisualStudioVersion = 10.0.40219.1
Project("{9A19103F-16F7-4668-BE54-9A1E7A4F7556}") = "Course", "Course\Course.csproj", "{0DFBEB7B-A8AA-400B-90E9-49034E586EFB}"
EndProject
Project("{9A19103F-16F7-4668-BE54-9A1E7A4F7556}") = "ConsoleApp1", "ConsoleApp1\ConsoleApp1.csproj", "{56D56C9C-ABFA-4901-A31A-2D5C690AABF7}"
EndProject
Project("{9A19103F-16F7-4668-BE54-9A1E7A4F7556}") = "Implicit convertion and casting", "..\Implicit convertion and casting\Implicit convertion and casting.csproj", "{133E1A2F-FABC-4890-A03D-D42B231A9CE2}"
EndProject
Project("{9A19103F-16F7-4668-BE54-9A1E7A4F7556}") = "OperadoresAritimeticos", "OperadoresAritimeticos\OperadoresAritimeticos.csproj", "{9428F26F-7759-49A7-9422-99BD73656748}"
EndProject
Project("{9A19103F-16F7-4668-BE54-9A1E7A4F7556}") = "Entrada_Dados_CSharp_Parte_01", "Entrada_Dados_CSharp_Parte_01\Entrada_Dados_CSharp_Parte_01.csproj", "{3E981A0F-4754-49BD-8E7E-555A0AC66A9B}"
EndProject
Project("{9A19103F-16F7-4668-BE54-9A1E7A4F7556}") = "Entrada_Dados_CSharp_Parte_02", "Entrada_Dados_CSharp_Parte_02\Entrada_Dados_CSharp_Parte_02\Entrada_Dados_CSharp_Parte_02.csproj", "{7D985CA3-C7F6-4BD3-A20D-BB4846603C02}"
EndProject
Project("{9A19103F-16F7-4668-BE54-9A1E7A4F7556}") = "OperadoresComparativos", "Operadores_Comparativos\OperadoresComparativos\OperadoresComparativos.csproj", "{BE5D17BE-977C-4E3B-844A-6FD263FB4429}"
EndProject
Project("{9A19103F-16F7-4668-BE54-9A1E7A4F7556}") = "FunctionsAndSintaxes", "FunctionsAndSintaxes\FunctionsAndSintaxes.csproj", "{26DD817A-0743-4D7C-8204-D576056CDA0E}"
EndProject
Project("{FAE04EC0-301F-11D3-BF4B-00C04F79EFBC}") = "WhileStructure", "While_structure\WhileStructure.csproj", "{647DC161-34CB-4265-B171-A9AC7F694459}"
EndProject
Global
	GlobalSection(SolutionConfigurationPlatforms) = preSolution
		Debug|Any CPU = Debug|Any CPU
		Release|Any CPU = Release|Any CPU
	EndGlobalSection
	GlobalSection(ProjectConfigurationPlatforms) = postSolution
		{0DFBEB7B-A8AA-400B-90E9-49034E586EFB}.Debug|Any CPU.ActiveCfg = Debug|Any CPU
		{0DFBEB7B-A8AA-400B-90E9-49034E586EFB}.Debug|Any CPU.Build.0 = Debug|Any CPU
		{0DFBEB7B-A8AA-400B-90E9-49034E586EFB}.Release|Any CPU.ActiveCfg = Release|Any CPU
		{0DFBEB7B-A8AA-400B-90E9-49034E586EFB}.Release|Any CPU.Build.0 = Release|Any CPU
		{56D56C9C-ABFA-4901-A31A-2D5C690AABF7}.Debug|Any CPU.ActiveCfg = Debug|Any CPU
		{56D56C9C-ABFA-4901-A31A-2D5C690AABF7}.Debug|Any CPU.Build.0 = Debug|Any CPU
		{56D56C9C-ABFA-4901-A31A-2D5C690AABF7}.Release|Any CPU.ActiveCfg = Release|Any CPU
		{56D56C9C-ABFA-4901-A31A-2D5C690AABF7}.Release|Any CPU.Build.0 = Release|Any CPU
		{133E1A2F-FABC-4890-A03D-D42B231A9CE2}.Debug|Any CPU.ActiveCfg = Debug|Any CPU
		{133E1A2F-FABC-4890-A03D-D42B231A9CE2}.Debug|Any CPU.Build.0 = Debug|Any CPU
		{133E1A2F-FABC-4890-A03D-D42B231A9CE2}.Release|Any CPU.ActiveCfg = Release|Any CPU
		{133E1A2F-FABC-4890-A03D-D42B231A9CE2}.Release|Any CPU.Build.0 = Release|Any CPU
		{9428F26F-7759-49A7-9422-99BD73656748}.Debug|Any CPU.ActiveCfg = Debug|Any CPU
		{9428F26F-7759-49A7-9422-99BD73656748}.Debug|Any CPU.Build.0 = Debug|Any CPU
		{9428F26F-7759-49A7-9422-99BD73656748}.Release|Any CPU.ActiveCfg = Release|Any CPU
		{9428F26F-7759-49A7-9422-99BD73656748}.Release|Any CPU.Build.0 = Release|Any CPU
		{3E981A0F-4754-49BD-8E7E-555A0AC66A9B}.Debug|Any CPU.ActiveCfg = Debug|Any CPU
		{3E981A0F-4754-49BD-8E7E-555A0AC66A9B}.Debug|Any CPU.Build.0 = Debug|Any CPU
		{3E981A0F-4754-49BD-8E7E-555A0AC66A9B}.Release|Any CPU.ActiveCfg = Release|Any CPU
		{3E981A0F-4754-49BD-8E7E-555A0AC66A9B}.Release|Any CPU.Build.0 = Release|Any CPU
		{7D985CA3-C7F6-4BD3-A20D-BB4846603C02}.Debug|Any CPU.ActiveCfg = Debug|Any CPU
		{7D985CA3-C7F6-4BD3-A20D-BB4846603C02}.Debug|Any CPU.Build.0 = Debug|Any CPU
		{7D985CA3-C7F6-4BD3-A20D-BB4846603C02}.Release|Any CPU.ActiveCfg = Release|Any CPU
		{7D985CA3-C7F6-4BD3-A20D-BB4846603C02}.Release|Any CPU.Build.0 = Release|Any CPU
		{BE5D17BE-977C-4E3B-844A-6FD263FB4429}.Debug|Any CPU.ActiveCfg = Debug|Any CPU
		{BE5D17BE-977C-4E3B-844A-6FD263FB4429}.Debug|Any CPU.Build.0 = Debug|Any CPU
		{BE5D17BE-977C-4E3B-844A-6FD263FB4429}.Release|Any CPU.ActiveCfg = Release|Any CPU
		{BE5D17BE-977C-4E3B-844A-6FD263FB4429}.Release|Any CPU.Build.0 = Release|Any CPU
		{26DD817A-0743-4D7C-8204-D576056CDA0E}.Debug|Any CPU.ActiveCfg = Debug|Any CPU
		{26DD817A-0743-4D7C-8204-D576056CDA0E}.Debug|Any CPU.Build.0 = Debug|Any CPU
		{26DD817A-0743-4D7C-8204-D576056CDA0E}.Release|Any CPU.ActiveCfg = Release|Any CPU
		{26DD817A-0743-4D7C-8204-D576056CDA0E}.Release|Any CPU.Build.0 = Release|Any CPU
		{647DC161-34CB-4265-B171-A9AC7F694459}.Debug|Any CPU.ActiveCfg = Debug|Any CPU
		{647DC161-34CB-4265-B171-A9AC7F694459}.Debug|Any CPU.Build.0 = Debug|Any CPU
		{647DC161-34CB-4265-B171-A9AC7F694459}.Release|Any CPU.ActiveCfg = Release|Any CPU
		{647DC161-34CB-4265-B171-A9AC7F694459}.Release|Any CPU.Build.0 = Release|Any CPU
	EndGlobalSection
	GlobalSection(SolutionProperties) = preSolution
		HideSolutionNode = FALSE
	EndGlobalSection
	GlobalSection(ExtensibilityGlobals) = postSolution
		SolutionGuid = {202D8F1A-C07D-4BF0-AB51-34FBFFCD2DEA}
	EndGlobalSection
EndGlobal
