
Microsoft Visual Studio Solution File, Format Version 12.00
# Visual Studio Version 17
VisualStudioVersion = 17.9.34723.18
MinimumVisualStudioVersion = 10.0.40219.1
Project("{9A19103F-16F7-4668-BE54-9A1E7A4F7556}") = "Course", "Course\Course.csproj", "{0DFBEB7B-A8AA-400B-90E9-49034E586EFB}"
EndProject
Project("{FAE04EC0-301F-11D3-BF4B-00C04F79EFBC}") = "ConsoleApp1", "ConsoleApp1\ConsoleApp1.csproj", "{56D56C9C-ABFA-4901-A31A-2D5C690AABF7}"
EndProject
Global
	GlobalSection(SolutionConfigurationPlatforms) = preSolution
		Debug|Any CPU = Debug|Any CPU
		Release|Any CPU = Release|Any CPU
	EndGlobalSection
	GlobalSection(ProjectConfigurationPlatforms) = postSolution
		{0DFBEB7B-A8AA-400B-90E9-49034E586EFB}.Debug|Any CPU.ActiveCfg = Debug|Any CPU
		{0DFBEB7B-A8AA-400B-90E9-49034E586EFB}.Debug|Any CPU.Build.0 = Debug|Any CPU
		{0DFBEB7B-A8AA-400B-90E9-49034E586EFB}.Release|Any CPU.ActiveCfg = Release|Any CPU
		{0DFBEB7B-A8AA-400B-90E9-49034E586EFB}.Release|Any CPU.Build.0 = Release|Any CPU
		{56D56C9C-ABFA-4901-A31A-2D5C690AABF7}.Debug|Any CPU.ActiveCfg = Debug|Any CPU
		{56D56C9C-ABFA-4901-A31A-2D5C690AABF7}.Debug|Any CPU.Build.0 = Debug|Any CPU
		{56D56C9C-ABFA-4901-A31A-2D5C690AABF7}.Release|Any CPU.ActiveCfg = Release|Any CPU
		{56D56C9C-ABFA-4901-A31A-2D5C690AABF7}.Release|Any CPU.Build.0 = Release|Any CPU
	EndGlobalSection
	GlobalSection(SolutionProperties) = preSolution
		HideSolutionNode = FALSE
	EndGlobalSection
	GlobalSection(ExtensibilityGlobals) = postSolution
		SolutionGuid = {202D8F1A-C07D-4BF0-AB51-34FBFFCD2DEA}
	EndGlobalSection
EndGlobal
